
Microsoft Visual Studio Solution File, Format Version 12.00
# Visual Studio Version 17
VisualStudioVersion = 17.3.32922.545
MinimumVisualStudioVersion = 10.0.40219.1
Project("{9A19103F-16F7-4668-BE54-9A1E7A4F7556}") = "LibraryProject", "LibraryProject\LibraryProject.csproj", "{77DEDDA2-873D-418B-B92E-D372F6998B28}"
EndProject
Project("{FAE04EC0-301F-11D3-BF4B-00C04F79EFBC}") = "LibraryUnitTests", "LibraryPrjectUnitTests\LibraryUnitTests.csproj", "{05319D87-556E-41D2-ADAB-F085754DEFA3}"
EndProject
Global
	GlobalSection(SolutionConfigurationPlatforms) = preSolution
		Debug|Any CPU = Debug|Any CPU
		Release|Any CPU = Release|Any CPU
	EndGlobalSection
	GlobalSection(ProjectConfigurationPlatforms) = postSolution
		{77DEDDA2-873D-418B-B92E-D372F6998B28}.Debug|Any CPU.ActiveCfg = Debug|Any CPU
		{77DEDDA2-873D-418B-B92E-D372F6998B28}.Debug|Any CPU.Build.0 = Debug|Any CPU
		{77DEDDA2-873D-418B-B92E-D372F6998B28}.Release|Any CPU.ActiveCfg = Release|Any CPU
		{77DEDDA2-873D-418B-B92E-D372F6998B28}.Release|Any CPU.Build.0 = Release|Any CPU
		{05319D87-556E-41D2-ADAB-F085754DEFA3}.Debug|Any CPU.ActiveCfg = Debug|Any CPU
		{05319D87-556E-41D2-ADAB-F085754DEFA3}.Debug|Any CPU.Build.0 = Debug|Any CPU
		{05319D87-556E-41D2-ADAB-F085754DEFA3}.Release|Any CPU.ActiveCfg = Release|Any CPU
		{05319D87-556E-41D2-ADAB-F085754DEFA3}.Release|Any CPU.Build.0 = Release|Any CPU
	EndGlobalSection
	GlobalSection(SolutionProperties) = preSolution
		HideSolutionNode = FALSE
	EndGlobalSection
	GlobalSection(ExtensibilityGlobals) = postSolution
		SolutionGuid = {45CBFFD4-6DF0-400D-B7F2-2CC9DFFA2397}
	EndGlobalSection
EndGlobal
